
Microsoft Visual Studio Solution File, Format Version 12.00
# Visual Studio 2013
VisualStudioVersion = 12.0.21005.1
MinimumVisualStudioVersion = 10.0.40219.1
Project("{FAE04EC0-301F-11D3-BF4B-00C04F79EFBC}") = "Player", "Player\Player.csproj", "{B3E1602D-6BFE-4889-A93C-B406A725CF48}"
EndProject
Project("{FAE04EC0-301F-11D3-BF4B-00C04F79EFBC}") = "Playlist", "Playlist\Playlist.csproj", "{0A4429BE-AC94-4C2D-B21E-ABF19CA08A29}"
EndProject
Project("{FAE04EC0-301F-11D3-BF4B-00C04F79EFBC}") = "UserManager", "UserManager\UserManager.csproj", "{4B140D0A-10B9-4EEC-9318-642852D9D6D6}"
EndProject
Project("{FAE04EC0-301F-11D3-BF4B-00C04F79EFBC}") = "VKAPI", "VKAPI\VKAPI.csproj", "{A33B1CB5-AB5C-4976-AA01-7866BB5578B9}"
EndProject
Project("{FAE04EC0-301F-11D3-BF4B-00C04F79EFBC}") = "Infrastructure", "Infrastructure\Infrastructure.csproj", "{14D74ED4-CF0F-42F5-A49F-9F02DCC57FBC}"
EndProject
Project("{FAE04EC0-301F-11D3-BF4B-00C04F79EFBC}") = "Common", "Common\Common.csproj", "{BB44BC30-12A9-4706-BB19-3083275F53E5}"
EndProject
Project("{FAE04EC0-301F-11D3-BF4B-00C04F79EFBC}") = "Downloader", "Downloader\Downloader.csproj", "{2E25B27C-1A46-440D-9E32-BC9D1083D0B4}"
EndProject
Project("{FAE04EC0-301F-11D3-BF4B-00C04F79EFBC}") = "InfrastructureTests", "InfrastructureTests\InfrastructureTests.csproj", "{6A7BACFD-2247-44A3-B8A3-0C272726074F}"
EndProject
Project("{FAE04EC0-301F-11D3-BF4B-00C04F79EFBC}") = "PlaylistTests", "PlaylistTests\PlaylistTests.csproj", "{6041F068-2E0D-43A7-9F1E-E1B90A2BA52F}"
EndProject
Project("{FAE04EC0-301F-11D3-BF4B-00C04F79EFBC}") = "UserManagerTests", "UserManagerTests\UserManagerTests.csproj", "{05883D97-A99A-4A08-AAF6-C52014935556}"
EndProject
Project("{FAE04EC0-301F-11D3-BF4B-00C04F79EFBC}") = "Interface", "Interface\Interface.csproj", "{A3D0E16C-23D3-4659-B7A7-7A87C91712B6}"
EndProject
Project("{FAE04EC0-301F-11D3-BF4B-00C04F79EFBC}") = "VVKtest1", "VVKtest1\VVKtest1.csproj", "{854A3A44-3F52-4EF1-BA64-74F1A370C5A8}"
EndProject
Global
	GlobalSection(SolutionConfigurationPlatforms) = preSolution
		Debug|Any CPU = Debug|Any CPU
		Release|Any CPU = Release|Any CPU
	EndGlobalSection
	GlobalSection(ProjectConfigurationPlatforms) = postSolution
		{B3E1602D-6BFE-4889-A93C-B406A725CF48}.Debug|Any CPU.ActiveCfg = Debug|Any CPU
		{B3E1602D-6BFE-4889-A93C-B406A725CF48}.Debug|Any CPU.Build.0 = Debug|Any CPU
		{B3E1602D-6BFE-4889-A93C-B406A725CF48}.Release|Any CPU.ActiveCfg = Release|Any CPU
		{B3E1602D-6BFE-4889-A93C-B406A725CF48}.Release|Any CPU.Build.0 = Release|Any CPU
		{0A4429BE-AC94-4C2D-B21E-ABF19CA08A29}.Debug|Any CPU.ActiveCfg = Debug|Any CPU
		{0A4429BE-AC94-4C2D-B21E-ABF19CA08A29}.Debug|Any CPU.Build.0 = Debug|Any CPU
		{0A4429BE-AC94-4C2D-B21E-ABF19CA08A29}.Release|Any CPU.ActiveCfg = Release|Any CPU
		{0A4429BE-AC94-4C2D-B21E-ABF19CA08A29}.Release|Any CPU.Build.0 = Release|Any CPU
		{4B140D0A-10B9-4EEC-9318-642852D9D6D6}.Debug|Any CPU.ActiveCfg = Debug|Any CPU
		{4B140D0A-10B9-4EEC-9318-642852D9D6D6}.Debug|Any CPU.Build.0 = Debug|Any CPU
		{4B140D0A-10B9-4EEC-9318-642852D9D6D6}.Release|Any CPU.ActiveCfg = Release|Any CPU
		{4B140D0A-10B9-4EEC-9318-642852D9D6D6}.Release|Any CPU.Build.0 = Release|Any CPU
		{A33B1CB5-AB5C-4976-AA01-7866BB5578B9}.Debug|Any CPU.ActiveCfg = Debug|Any CPU
		{A33B1CB5-AB5C-4976-AA01-7866BB5578B9}.Debug|Any CPU.Build.0 = Debug|Any CPU
		{A33B1CB5-AB5C-4976-AA01-7866BB5578B9}.Release|Any CPU.ActiveCfg = Release|Any CPU
		{A33B1CB5-AB5C-4976-AA01-7866BB5578B9}.Release|Any CPU.Build.0 = Release|Any CPU
		{14D74ED4-CF0F-42F5-A49F-9F02DCC57FBC}.Debug|Any CPU.ActiveCfg = Debug|Any CPU
		{14D74ED4-CF0F-42F5-A49F-9F02DCC57FBC}.Debug|Any CPU.Build.0 = Debug|Any CPU
		{14D74ED4-CF0F-42F5-A49F-9F02DCC57FBC}.Release|Any CPU.ActiveCfg = Release|Any CPU
		{14D74ED4-CF0F-42F5-A49F-9F02DCC57FBC}.Release|Any CPU.Build.0 = Release|Any CPU
		{BB44BC30-12A9-4706-BB19-3083275F53E5}.Debug|Any CPU.ActiveCfg = Debug|Any CPU
		{BB44BC30-12A9-4706-BB19-3083275F53E5}.Debug|Any CPU.Build.0 = Debug|Any CPU
		{BB44BC30-12A9-4706-BB19-3083275F53E5}.Release|Any CPU.ActiveCfg = Release|Any CPU
		{BB44BC30-12A9-4706-BB19-3083275F53E5}.Release|Any CPU.Build.0 = Release|Any CPU
		{2E25B27C-1A46-440D-9E32-BC9D1083D0B4}.Debug|Any CPU.ActiveCfg = Debug|Any CPU
		{2E25B27C-1A46-440D-9E32-BC9D1083D0B4}.Debug|Any CPU.Build.0 = Debug|Any CPU
		{2E25B27C-1A46-440D-9E32-BC9D1083D0B4}.Release|Any CPU.ActiveCfg = Release|Any CPU
		{2E25B27C-1A46-440D-9E32-BC9D1083D0B4}.Release|Any CPU.Build.0 = Release|Any CPU
		{6A7BACFD-2247-44A3-B8A3-0C272726074F}.Debug|Any CPU.ActiveCfg = Debug|Any CPU
		{6A7BACFD-2247-44A3-B8A3-0C272726074F}.Debug|Any CPU.Build.0 = Debug|Any CPU
		{6A7BACFD-2247-44A3-B8A3-0C272726074F}.Release|Any CPU.ActiveCfg = Release|Any CPU
		{6A7BACFD-2247-44A3-B8A3-0C272726074F}.Release|Any CPU.Build.0 = Release|Any CPU
		{6041F068-2E0D-43A7-9F1E-E1B90A2BA52F}.Debug|Any CPU.ActiveCfg = Debug|Any CPU
		{6041F068-2E0D-43A7-9F1E-E1B90A2BA52F}.Debug|Any CPU.Build.0 = Debug|Any CPU
		{6041F068-2E0D-43A7-9F1E-E1B90A2BA52F}.Release|Any CPU.ActiveCfg = Release|Any CPU
		{6041F068-2E0D-43A7-9F1E-E1B90A2BA52F}.Release|Any CPU.Build.0 = Release|Any CPU
		{05883D97-A99A-4A08-AAF6-C52014935556}.Debug|Any CPU.ActiveCfg = Debug|Any CPU
		{05883D97-A99A-4A08-AAF6-C52014935556}.Debug|Any CPU.Build.0 = Debug|Any CPU
		{05883D97-A99A-4A08-AAF6-C52014935556}.Release|Any CPU.ActiveCfg = Release|Any CPU
		{05883D97-A99A-4A08-AAF6-C52014935556}.Release|Any CPU.Build.0 = Release|Any CPU
		{A3D0E16C-23D3-4659-B7A7-7A87C91712B6}.Debug|Any CPU.ActiveCfg = Debug|Any CPU
		{A3D0E16C-23D3-4659-B7A7-7A87C91712B6}.Debug|Any CPU.Build.0 = Debug|Any CPU
		{A3D0E16C-23D3-4659-B7A7-7A87C91712B6}.Release|Any CPU.ActiveCfg = Release|Any CPU
		{A3D0E16C-23D3-4659-B7A7-7A87C91712B6}.Release|Any CPU.Build.0 = Release|Any CPU
		{854A3A44-3F52-4EF1-BA64-74F1A370C5A8}.Debug|Any CPU.ActiveCfg = Debug|Any CPU
		{854A3A44-3F52-4EF1-BA64-74F1A370C5A8}.Debug|Any CPU.Build.0 = Debug|Any CPU
		{854A3A44-3F52-4EF1-BA64-74F1A370C5A8}.Release|Any CPU.ActiveCfg = Release|Any CPU
		{854A3A44-3F52-4EF1-BA64-74F1A370C5A8}.Release|Any CPU.Build.0 = Release|Any CPU
	EndGlobalSection
	GlobalSection(SolutionProperties) = preSolution
		HideSolutionNode = FALSE
	EndGlobalSection
EndGlobal
